
Microsoft Visual Studio Solution File, Format Version 12.00
# Visual Studio Version 16
VisualStudioVersion = 16.0.31313.79
MinimumVisualStudioVersion = 10.0.40219.1
Project("{FAE04EC0-301F-11D3-BF4B-00C04F79EFBC}") = "SnakeAndLadder", "SnakeAndLadder.csproj", "{8C20B64E-E29D-43AF-A3BD-5537CEDA0E49}"
EndProject
Global
	GlobalSection(SolutionConfigurationPlatforms) = preSolution
		Debug|Any CPU = Debug|Any CPU
		Release|Any CPU = Release|Any CPU
	EndGlobalSection
	GlobalSection(ProjectConfigurationPlatforms) = postSolution
		{8C20B64E-E29D-43AF-A3BD-5537CEDA0E49}.Debug|Any CPU.ActiveCfg = Debug|Any CPU
		{8C20B64E-E29D-43AF-A3BD-5537CEDA0E49}.Debug|Any CPU.Build.0 = Debug|Any CPU
		{8C20B64E-E29D-43AF-A3BD-5537CEDA0E49}.Release|Any CPU.ActiveCfg = Release|Any CPU
		{8C20B64E-E29D-43AF-A3BD-5537CEDA0E49}.Release|Any CPU.Build.0 = Release|Any CPU
	EndGlobalSection
	GlobalSection(SolutionProperties) = preSolution
		HideSolutionNode = FALSE
	EndGlobalSection
	GlobalSection(ExtensibilityGlobals) = postSolution
		SolutionGuid = {DCDBDE3B-EA34-4A29-8116-60B62A0F67DA}
	EndGlobalSection
EndGlobal
